
Microsoft Visual Studio Solution File, Format Version 12.00
# Visual Studio Version 18
VisualStudioVersion = 18.2.11415.280 d18.0
MinimumVisualStudioVersion = 10.0.40219.1
Project("{9A19103F-16F7-4668-BE54-9A1E7A4F7556}") = "Umbootstrap.Web", "Umbootstrap.Web\Umbootstrap.Web.csproj", "{970093C8-F4D4-4A89-962C-E1AAB6699D9D}"
EndProject
Project("{9A19103F-16F7-4668-BE54-9A1E7A4F7556}") = "UmBootstrap.DotNet.Template", "UmBootstrap.DotNet.Template.csproj", "{17384E63-FECC-4C4D-8D0E-753E95653F6F}"
EndProject
Global
	GlobalSection(SolutionConfigurationPlatforms) = preSolution
		Debug|Any CPU = Debug|Any CPU
		Release|Any CPU = Release|Any CPU
	EndGlobalSection
	GlobalSection(ProjectConfigurationPlatforms) = postSolution
		{970093C8-F4D4-4A89-962C-E1AAB6699D9D}.Debug|Any CPU.ActiveCfg = Debug|Any CPU
		{970093C8-F4D4-4A89-962C-E1AAB6699D9D}.Debug|Any CPU.Build.0 = Debug|Any CPU
		{970093C8-F4D4-4A89-962C-E1AAB6699D9D}.Release|Any CPU.ActiveCfg = Release|Any CPU
		{970093C8-F4D4-4A89-962C-E1AAB6699D9D}.Release|Any CPU.Build.0 = Release|Any CPU
		{17384E63-FECC-4C4D-8D0E-753E95653F6F}.Debug|Any CPU.ActiveCfg = Debug|Any CPU
		{17384E63-FECC-4C4D-8D0E-753E95653F6F}.Debug|Any CPU.Build.0 = Debug|Any CPU
		{17384E63-FECC-4C4D-8D0E-753E95653F6F}.Release|Any CPU.ActiveCfg = Release|Any CPU
		{17384E63-FECC-4C4D-8D0E-753E95653F6F}.Release|Any CPU.Build.0 = Release|Any CPU
	EndGlobalSection
	GlobalSection(SolutionProperties) = preSolution
		HideSolutionNode = FALSE
	EndGlobalSection
	GlobalSection(ExtensibilityGlobals) = postSolution
		SolutionGuid = {4DE048E2-AF4A-40F7-AD93-605FDE5614DE}
	EndGlobalSection
EndGlobal
